
Microsoft Visual Studio Solution File, Format Version 12.00
# Visual Studio Version 17
VisualStudioVersion = 17.8.34316.72
MinimumVisualStudioVersion = 10.0.40219.1
Project("{FAE04EC0-301F-11D3-BF4B-00C04F79EFBC}") = "Practica 1 U4", "Practica 1 U4\Practica 1 U4.csproj", "{41E74FC7-98D8-42EF-9168-6021FFEA1FF3}"
EndProject
Global
	GlobalSection(SolutionConfigurationPlatforms) = preSolution
		Debug|Any CPU = Debug|Any CPU
		Release|Any CPU = Release|Any CPU
	EndGlobalSection
	GlobalSection(ProjectConfigurationPlatforms) = postSolution
		{41E74FC7-98D8-42EF-9168-6021FFEA1FF3}.Debug|Any CPU.ActiveCfg = Debug|Any CPU
		{41E74FC7-98D8-42EF-9168-6021FFEA1FF3}.Debug|Any CPU.Build.0 = Debug|Any CPU
		{41E74FC7-98D8-42EF-9168-6021FFEA1FF3}.Release|Any CPU.ActiveCfg = Release|Any CPU
		{41E74FC7-98D8-42EF-9168-6021FFEA1FF3}.Release|Any CPU.Build.0 = Release|Any CPU
	EndGlobalSection
	GlobalSection(SolutionProperties) = preSolution
		HideSolutionNode = FALSE
	EndGlobalSection
	GlobalSection(ExtensibilityGlobals) = postSolution
		SolutionGuid = {F1B40447-AF1E-4323-A778-ACD274132570}
	EndGlobalSection
EndGlobal
